// !$*UTF8*$!
{
	archiveVersion = 1;
	classes = {
	};
	objectVersion = 56;
	objects = {

/* Begin PBXBuildFile section */
		A51EFAA52B71CE4E00C3BA8B /* GoogleService-Info.plist in Resources */ = {isa = PBXBuildFile; fileRef = A51EFAA42B71CE4E00C3BA8B /* GoogleService-Info.plist */; };
		A51EFAA82B71CFB300C3BA8B /* FirebaseAnalyticsWithoutAdIdSupport in Frameworks */ = {isa = PBXBuildFile; productRef = A51EFAA72B71CFB300C3BA8B /* FirebaseAnalyticsWithoutAdIdSupport */; };
		A51EFAAA2B71CFB300C3BA8B /* FirebaseCrashlytics in Frameworks */ = {isa = PBXBuildFile; productRef = A51EFAA92B71CFB300C3BA8B /* FirebaseCrashlytics */; };
		A51EFAAC2B71CFB300C3BA8B /* FirebasePerformance in Frameworks */ = {isa = PBXBuildFile; productRef = A51EFAAB2B71CFB300C3BA8B /* FirebasePerformance */; };
		A51EFAAE2B75C28600C3BA8B /* Favourites.swift in Sources */ = {isa = PBXBuildFile; fileRef = A51EFAAD2B75C28600C3BA8B /* Favourites.swift */; };
		A585D3EE2B6FB79D00A0B154 /* PadelProApp.swift in Sources */ = {isa = PBXBuildFile; fileRef = A585D3ED2B6FB79D00A0B154 /* PadelProApp.swift */; };
		A585D3F22B6FB79F00A0B154 /* Assets.xcassets in Resources */ = {isa = PBXBuildFile; fileRef = A585D3F12B6FB79F00A0B154 /* Assets.xcassets */; };
		A585D3F52B6FB79F00A0B154 /* Preview Assets.xcassets in Resources */ = {isa = PBXBuildFile; fileRef = A585D3F42B6FB79F00A0B154 /* Preview Assets.xcassets */; };
		A585D3FF2B6FB79F00A0B154 /* PadelProTests.swift in Sources */ = {isa = PBXBuildFile; fileRef = A585D3FE2B6FB79F00A0B154 /* PadelProTests.swift */; };
		A585D4092B6FB79F00A0B154 /* PadelProUITests.swift in Sources */ = {isa = PBXBuildFile; fileRef = A585D4082B6FB79F00A0B154 /* PadelProUITests.swift */; };
		A585D40B2B6FB79F00A0B154 /* PadelProUITestsLaunchTests.swift in Sources */ = {isa = PBXBuildFile; fileRef = A585D40A2B6FB79F00A0B154 /* PadelProUITestsLaunchTests.swift */; };
		A585D4192B6FB92400A0B154 /* ComposableArchitecture in Frameworks */ = {isa = PBXBuildFile; productRef = A585D4182B6FB92400A0B154 /* ComposableArchitecture */; };
		A585D41B2B6FBE7000A0B154 /* Events.swift in Sources */ = {isa = PBXBuildFile; fileRef = A585D41A2B6FBE7000A0B154 /* Events.swift */; };
		A585D41D2B6FBF2000A0B154 /* Event.swift in Sources */ = {isa = PBXBuildFile; fileRef = A585D41C2B6FBF2000A0B154 /* Event.swift */; };
		A585D41F2B6FCF2600A0B154 /* EventsClient.swift in Sources */ = {isa = PBXBuildFile; fileRef = A585D41E2B6FCF2600A0B154 /* EventsClient.swift */; };
/* End PBXBuildFile section */

/* Begin PBXContainerItemProxy section */
		A585D3FB2B6FB79F00A0B154 /* PBXContainerItemProxy */ = {
			isa = PBXContainerItemProxy;
			containerPortal = A585D3E22B6FB79D00A0B154 /* Project object */;
			proxyType = 1;
			remoteGlobalIDString = A585D3E92B6FB79D00A0B154;
			remoteInfo = PadelPro;
		};
		A585D4052B6FB79F00A0B154 /* PBXContainerItemProxy */ = {
			isa = PBXContainerItemProxy;
			containerPortal = A585D3E22B6FB79D00A0B154 /* Project object */;
			proxyType = 1;
			remoteGlobalIDString = A585D3E92B6FB79D00A0B154;
			remoteInfo = PadelPro;
		};
/* End PBXContainerItemProxy section */

/* Begin PBXFileReference section */
		A51EFAA32B71B24300C3BA8B /* Info.plist */ = {isa = PBXFileReference; lastKnownFileType = text.plist; path = Info.plist; sourceTree = "<group>"; };
		A51EFAA42B71CE4E00C3BA8B /* GoogleService-Info.plist */ = {isa = PBXFileReference; fileEncoding = 4; lastKnownFileType = text.plist.xml; path = "GoogleService-Info.plist"; sourceTree = "<group>"; };
		A51EFAAD2B75C28600C3BA8B /* Favourites.swift */ = {isa = PBXFileReference; lastKnownFileType = sourcecode.swift; path = Favourites.swift; sourceTree = "<group>"; };
		A585D3EA2B6FB79D00A0B154 /* PadelPro.app */ = {isa = PBXFileReference; explicitFileType = wrapper.application; includeInIndex = 0; path = PadelPro.app; sourceTree = BUILT_PRODUCTS_DIR; };
		A585D3ED2B6FB79D00A0B154 /* PadelProApp.swift */ = {isa = PBXFileReference; lastKnownFileType = sourcecode.swift; path = PadelProApp.swift; sourceTree = "<group>"; };
		A585D3F12B6FB79F00A0B154 /* Assets.xcassets */ = {isa = PBXFileReference; lastKnownFileType = folder.assetcatalog; path = Assets.xcassets; sourceTree = "<group>"; };
		A585D3F42B6FB79F00A0B154 /* Preview Assets.xcassets */ = {isa = PBXFileReference; lastKnownFileType = folder.assetcatalog; path = "Preview Assets.xcassets"; sourceTree = "<group>"; };
		A585D3FA2B6FB79F00A0B154 /* PadelProTests.xctest */ = {isa = PBXFileReference; explicitFileType = wrapper.cfbundle; includeInIndex = 0; path = PadelProTests.xctest; sourceTree = BUILT_PRODUCTS_DIR; };
		A585D3FE2B6FB79F00A0B154 /* PadelProTests.swift */ = {isa = PBXFileReference; lastKnownFileType = sourcecode.swift; path = PadelProTests.swift; sourceTree = "<group>"; };
		A585D4042B6FB79F00A0B154 /* PadelProUITests.xctest */ = {isa = PBXFileReference; explicitFileType = wrapper.cfbundle; includeInIndex = 0; path = PadelProUITests.xctest; sourceTree = BUILT_PRODUCTS_DIR; };
		A585D4082B6FB79F00A0B154 /* PadelProUITests.swift */ = {isa = PBXFileReference; lastKnownFileType = sourcecode.swift; path = PadelProUITests.swift; sourceTree = "<group>"; };
		A585D40A2B6FB79F00A0B154 /* PadelProUITestsLaunchTests.swift */ = {isa = PBXFileReference; lastKnownFileType = sourcecode.swift; path = PadelProUITestsLaunchTests.swift; sourceTree = "<group>"; };
		A585D41A2B6FBE7000A0B154 /* Events.swift */ = {isa = PBXFileReference; lastKnownFileType = sourcecode.swift; path = Events.swift; sourceTree = "<group>"; };
		A585D41C2B6FBF2000A0B154 /* Event.swift */ = {isa = PBXFileReference; lastKnownFileType = sourcecode.swift; path = Event.swift; sourceTree = "<group>"; };
		A585D41E2B6FCF2600A0B154 /* EventsClient.swift */ = {isa = PBXFileReference; lastKnownFileType = sourcecode.swift; path = EventsClient.swift; sourceTree = "<group>"; };
/* End PBXFileReference section */

/* Begin PBXFrameworksBuildPhase section */
		A585D3E72B6FB79D00A0B154 /* Frameworks */ = {
			isa = PBXFrameworksBuildPhase;
			buildActionMask = 2147483647;
			files = (
				A51EFAAA2B71CFB300C3BA8B /* FirebaseCrashlytics in Frameworks */,
				A585D4192B6FB92400A0B154 /* ComposableArchitecture in Frameworks */,
				A51EFAAC2B71CFB300C3BA8B /* FirebasePerformance in Frameworks */,
				A51EFAA82B71CFB300C3BA8B /* FirebaseAnalyticsWithoutAdIdSupport in Frameworks */,
			);
			runOnlyForDeploymentPostprocessing = 0;
		};
		A585D3F72B6FB79F00A0B154 /* Frameworks */ = {
			isa = PBXFrameworksBuildPhase;
			buildActionMask = 2147483647;
			files = (
			);
			runOnlyForDeploymentPostprocessing = 0;
		};
		A585D4012B6FB79F00A0B154 /* Frameworks */ = {
			isa = PBXFrameworksBuildPhase;
			buildActionMask = 2147483647;
			files = (
			);
			runOnlyForDeploymentPostprocessing = 0;
		};
/* End PBXFrameworksBuildPhase section */

/* Begin PBXGroup section */
		A585D3E12B6FB79D00A0B154 = {
			isa = PBXGroup;
			children = (
				A585D3EC2B6FB79D00A0B154 /* PadelPro */,
				A585D3FD2B6FB79F00A0B154 /* PadelProTests */,
				A585D4072B6FB79F00A0B154 /* PadelProUITests */,
				A585D3EB2B6FB79D00A0B154 /* Products */,
			);
			sourceTree = "<group>";
		};
		A585D3EB2B6FB79D00A0B154 /* Products */ = {
			isa = PBXGroup;
			children = (
				A585D3EA2B6FB79D00A0B154 /* PadelPro.app */,
				A585D3FA2B6FB79F00A0B154 /* PadelProTests.xctest */,
				A585D4042B6FB79F00A0B154 /* PadelProUITests.xctest */,
			);
			name = Products;
			sourceTree = "<group>";
		};
		A585D3EC2B6FB79D00A0B154 /* PadelPro */ = {
			isa = PBXGroup;
			children = (
				A51EFAA42B71CE4E00C3BA8B /* GoogleService-Info.plist */,
				A51EFAA32B71B24300C3BA8B /* Info.plist */,
				A585D3ED2B6FB79D00A0B154 /* PadelProApp.swift */,
				A585D3F12B6FB79F00A0B154 /* Assets.xcassets */,
				A585D3F32B6FB79F00A0B154 /* Preview Content */,
				A585D41A2B6FBE7000A0B154 /* Events.swift */,
				A585D41C2B6FBF2000A0B154 /* Event.swift */,
				A585D41E2B6FCF2600A0B154 /* EventsClient.swift */,
				A51EFAAD2B75C28600C3BA8B /* Favourites.swift */,
			);
			path = PadelPro;
			sourceTree = "<group>";
		};
		A585D3F32B6FB79F00A0B154 /* Preview Content */ = {
			isa = PBXGroup;
			children = (
				A585D3F42B6FB79F00A0B154 /* Preview Assets.xcassets */,
			);
			path = "Preview Content";
			sourceTree = "<group>";
		};
		A585D3FD2B6FB79F00A0B154 /* PadelProTests */ = {
			isa = PBXGroup;
			children = (
				A585D3FE2B6FB79F00A0B154 /* PadelProTests.swift */,
			);
			path = PadelProTests;
			sourceTree = "<group>";
		};
		A585D4072B6FB79F00A0B154 /* PadelProUITests */ = {
			isa = PBXGroup;
			children = (
				A585D4082B6FB79F00A0B154 /* PadelProUITests.swift */,
				A585D40A2B6FB79F00A0B154 /* PadelProUITestsLaunchTests.swift */,
			);
			path = PadelProUITests;
			sourceTree = "<group>";
		};
/* End PBXGroup section */

/* Begin PBXNativeTarget section */
		A585D3E92B6FB79D00A0B154 /* PadelPro */ = {
			isa = PBXNativeTarget;
			buildConfigurationList = A585D40E2B6FB79F00A0B154 /* Build configuration list for PBXNativeTarget "PadelPro" */;
			buildPhases = (
				A585D3E62B6FB79D00A0B154 /* Sources */,
				A585D3E72B6FB79D00A0B154 /* Frameworks */,
				A585D3E82B6FB79D00A0B154 /* Resources */,
			);
			buildRules = (
			);
			dependencies = (
			);
			name = PadelPro;
			packageProductDependencies = (
				A585D4182B6FB92400A0B154 /* ComposableArchitecture */,
				A51EFAA72B71CFB300C3BA8B /* FirebaseAnalyticsWithoutAdIdSupport */,
				A51EFAA92B71CFB300C3BA8B /* FirebaseCrashlytics */,
				A51EFAAB2B71CFB300C3BA8B /* FirebasePerformance */,
			);
			productName = PadelPro;
			productReference = A585D3EA2B6FB79D00A0B154 /* PadelPro.app */;
			productType = "com.apple.product-type.application";
		};
		A585D3F92B6FB79F00A0B154 /* PadelProTests */ = {
			isa = PBXNativeTarget;
			buildConfigurationList = A585D4112B6FB79F00A0B154 /* Build configuration list for PBXNativeTarget "PadelProTests" */;
			buildPhases = (
				A585D3F62B6FB79F00A0B154 /* Sources */,
				A585D3F72B6FB79F00A0B154 /* Frameworks */,
				A585D3F82B6FB79F00A0B154 /* Resources */,
			);
			buildRules = (
			);
			dependencies = (
				A585D3FC2B6FB79F00A0B154 /* PBXTargetDependency */,
			);
			name = PadelProTests;
			productName = PadelProTests;
			productReference = A585D3FA2B6FB79F00A0B154 /* PadelProTests.xctest */;
			productType = "com.apple.product-type.bundle.unit-test";
		};
		A585D4032B6FB79F00A0B154 /* PadelProUITests */ = {
			isa = PBXNativeTarget;
			buildConfigurationList = A585D4142B6FB79F00A0B154 /* Build configuration list for PBXNativeTarget "PadelProUITests" */;
			buildPhases = (
				A585D4002B6FB79F00A0B154 /* Sources */,
				A585D4012B6FB79F00A0B154 /* Frameworks */,
				A585D4022B6FB79F00A0B154 /* Resources */,
			);
			buildRules = (
			);
			dependencies = (
				A585D4062B6FB79F00A0B154 /* PBXTargetDependency */,
			);
			name = PadelProUITests;
			productName = PadelProUITests;
			productReference = A585D4042B6FB79F00A0B154 /* PadelProUITests.xctest */;
			productType = "com.apple.product-type.bundle.ui-testing";
		};
/* End PBXNativeTarget section */

/* Begin PBXProject section */
		A585D3E22B6FB79D00A0B154 /* Project object */ = {
			isa = PBXProject;
			attributes = {
				BuildIndependentTargetsInParallel = 1;
				LastSwiftUpdateCheck = 1520;
				LastUpgradeCheck = 1520;
				TargetAttributes = {
					A585D3E92B6FB79D00A0B154 = {
						CreatedOnToolsVersion = 15.2;
					};
					A585D3F92B6FB79F00A0B154 = {
						CreatedOnToolsVersion = 15.2;
						TestTargetID = A585D3E92B6FB79D00A0B154;
					};
					A585D4032B6FB79F00A0B154 = {
						CreatedOnToolsVersion = 15.2;
						TestTargetID = A585D3E92B6FB79D00A0B154;
					};
				};
			};
			buildConfigurationList = A585D3E52B6FB79D00A0B154 /* Build configuration list for PBXProject "PadelPro" */;
			compatibilityVersion = "Xcode 14.0";
			developmentRegion = en;
			hasScannedForEncodings = 0;
			knownRegions = (
				en,
				Base,
			);
			mainGroup = A585D3E12B6FB79D00A0B154;
			packageReferences = (
				A585D4172B6FB92400A0B154 /* XCRemoteSwiftPackageReference "swift-composable-architecture" */,
				A51EFAA62B71CFB300C3BA8B /* XCRemoteSwiftPackageReference "firebase-ios-sdk" */,
			);
			productRefGroup = A585D3EB2B6FB79D00A0B154 /* Products */;
			projectDirPath = "";
			projectRoot = "";
			targets = (
				A585D3E92B6FB79D00A0B154 /* PadelPro */,
				A585D3F92B6FB79F00A0B154 /* PadelProTests */,
				A585D4032B6FB79F00A0B154 /* PadelProUITests */,
			);
		};
/* End PBXProject section */

/* Begin PBXResourcesBuildPhase section */
		A585D3E82B6FB79D00A0B154 /* Resources */ = {
			isa = PBXResourcesBuildPhase;
			buildActionMask = 2147483647;
			files = (
				A585D3F52B6FB79F00A0B154 /* Preview Assets.xcassets in Resources */,
				A585D3F22B6FB79F00A0B154 /* Assets.xcassets in Resources */,
				A51EFAA52B71CE4E00C3BA8B /* GoogleService-Info.plist in Resources */,
			);
			runOnlyForDeploymentPostprocessing = 0;
		};
		A585D3F82B6FB79F00A0B154 /* Resources */ = {
			isa = PBXResourcesBuildPhase;
			buildActionMask = 2147483647;
			files = (
			);
			runOnlyForDeploymentPostprocessing = 0;
		};
		A585D4022B6FB79F00A0B154 /* Resources */ = {
			isa = PBXResourcesBuildPhase;
			buildActionMask = 2147483647;
			files = (
			);
			runOnlyForDeploymentPostprocessing = 0;
		};
/* End PBXResourcesBuildPhase section */

/* Begin PBXSourcesBuildPhase section */
		A585D3E62B6FB79D00A0B154 /* Sources */ = {
			isa = PBXSourcesBuildPhase;
			buildActionMask = 2147483647;
			files = (
				A51EFAAE2B75C28600C3BA8B /* Favourites.swift in Sources */,
				A585D41D2B6FBF2000A0B154 /* Event.swift in Sources */,
				A585D41B2B6FBE7000A0B154 /* Events.swift in Sources */,
				A585D41F2B6FCF2600A0B154 /* EventsClient.swift in Sources */,
				A585D3EE2B6FB79D00A0B154 /* PadelProApp.swift in Sources */,
			);
			runOnlyForDeploymentPostprocessing = 0;
		};
		A585D3F62B6FB79F00A0B154 /* Sources */ = {
			isa = PBXSourcesBuildPhase;
			buildActionMask = 2147483647;
			files = (
				A585D3FF2B6FB79F00A0B154 /* PadelProTests.swift in Sources */,
			);
			runOnlyForDeploymentPostprocessing = 0;
		};
		A585D4002B6FB79F00A0B154 /* Sources */ = {
			isa = PBXSourcesBuildPhase;
			buildActionMask = 2147483647;
			files = (
				A585D40B2B6FB79F00A0B154 /* PadelProUITestsLaunchTests.swift in Sources */,
				A585D4092B6FB79F00A0B154 /* PadelProUITests.swift in Sources */,
			);
			runOnlyForDeploymentPostprocessing = 0;
		};
/* End PBXSourcesBuildPhase section */

/* Begin PBXTargetDependency section */
		A585D3FC2B6FB79F00A0B154 /* PBXTargetDependency */ = {
			isa = PBXTargetDependency;
			target = A585D3E92B6FB79D00A0B154 /* PadelPro */;
			targetProxy = A585D3FB2B6FB79F00A0B154 /* PBXContainerItemProxy */;
		};
		A585D4062B6FB79F00A0B154 /* PBXTargetDependency */ = {
			isa = PBXTargetDependency;
			target = A585D3E92B6FB79D00A0B154 /* PadelPro */;
			targetProxy = A585D4052B6FB79F00A0B154 /* PBXContainerItemProxy */;
		};
/* End PBXTargetDependency section */

/* Begin XCBuildConfiguration section */
		A585D40C2B6FB79F00A0B154 /* Debug */ = {
			isa = XCBuildConfiguration;
			buildSettings = {
				ALWAYS_SEARCH_USER_PATHS = NO;
				ASSETCATALOG_COMPILER_GENERATE_SWIFT_ASSET_SYMBOL_EXTENSIONS = YES;
				CLANG_ANALYZER_NONNULL = YES;
				CLANG_ANALYZER_NUMBER_OBJECT_CONVERSION = YES_AGGRESSIVE;
				CLANG_CXX_LANGUAGE_STANDARD = "gnu++20";
				CLANG_ENABLE_MODULES = YES;
				CLANG_ENABLE_OBJC_ARC = YES;
				CLANG_ENABLE_OBJC_WEAK = YES;
				CLANG_WARN_BLOCK_CAPTURE_AUTORELEASING = YES;
				CLANG_WARN_BOOL_CONVERSION = YES;
				CLANG_WARN_COMMA = YES;
				CLANG_WARN_CONSTANT_CONVERSION = YES;
				CLANG_WARN_DEPRECATED_OBJC_IMPLEMENTATIONS = YES;
				CLANG_WARN_DIRECT_OBJC_ISA_USAGE = YES_ERROR;
				CLANG_WARN_DOCUMENTATION_COMMENTS = YES;
				CLANG_WARN_EMPTY_BODY = YES;
				CLANG_WARN_ENUM_CONVERSION = YES;
				CLANG_WARN_INFINITE_RECURSION = YES;
				CLANG_WARN_INT_CONVERSION = YES;
				CLANG_WARN_NON_LITERAL_NULL_CONVERSION = YES;
				CLANG_WARN_OBJC_IMPLICIT_RETAIN_SELF = YES;
				CLANG_WARN_OBJC_LITERAL_CONVERSION = YES;
				CLANG_WARN_OBJC_ROOT_CLASS = YES_ERROR;
				CLANG_WARN_QUOTED_INCLUDE_IN_FRAMEWORK_HEADER = YES;
				CLANG_WARN_RANGE_LOOP_ANALYSIS = YES;
				CLANG_WARN_STRICT_PROTOTYPES = YES;
				CLANG_WARN_SUSPICIOUS_MOVE = YES;
				CLANG_WARN_UNGUARDED_AVAILABILITY = YES_AGGRESSIVE;
				CLANG_WARN_UNREACHABLE_CODE = YES;
				CLANG_WARN__DUPLICATE_METHOD_MATCH = YES;
				COPY_PHASE_STRIP = NO;
				DEBUG_INFORMATION_FORMAT = dwarf;
				ENABLE_STRICT_OBJC_MSGSEND = YES;
				ENABLE_TESTABILITY = YES;
				ENABLE_USER_SCRIPT_SANDBOXING = YES;
				GCC_C_LANGUAGE_STANDARD = gnu17;
				GCC_DYNAMIC_NO_PIC = NO;
				GCC_NO_COMMON_BLOCKS = YES;
				GCC_OPTIMIZATION_LEVEL = 0;
				GCC_PREPROCESSOR_DEFINITIONS = (
					"DEBUG=1",
					"$(inherited)",
				);
				GCC_WARN_64_TO_32_BIT_CONVERSION = YES;
				GCC_WARN_ABOUT_RETURN_TYPE = YES_ERROR;
				GCC_WARN_UNDECLARED_SELECTOR = YES;
				GCC_WARN_UNINITIALIZED_AUTOS = YES_AGGRESSIVE;
				GCC_WARN_UNUSED_FUNCTION = YES;
				GCC_WARN_UNUSED_VARIABLE = YES;
				IPHONEOS_DEPLOYMENT_TARGET = 17.2;
				LOCALIZATION_PREFERS_STRING_CATALOGS = YES;
				MTL_ENABLE_DEBUG_INFO = INCLUDE_SOURCE;
				MTL_FAST_MATH = YES;
				ONLY_ACTIVE_ARCH = YES;
				SDKROOT = iphoneos;
				SWIFT_ACTIVE_COMPILATION_CONDITIONS = "DEBUG $(inherited)";
				SWIFT_OPTIMIZATION_LEVEL = "-Onone";
			};
			name = Debug;
		};
		A585D40D2B6FB79F00A0B154 /* Release */ = {
			isa = XCBuildConfiguration;
			buildSettings = {
				ALWAYS_SEARCH_USER_PATHS = NO;
				ASSETCATALOG_COMPILER_GENERATE_SWIFT_ASSET_SYMBOL_EXTENSIONS = YES;
				CLANG_ANALYZER_NONNULL = YES;
				CLANG_ANALYZER_NUMBER_OBJECT_CONVERSION = YES_AGGRESSIVE;
				CLANG_CXX_LANGUAGE_STANDARD = "gnu++20";
				CLANG_ENABLE_MODULES = YES;
				CLANG_ENABLE_OBJC_ARC = YES;
				CLANG_ENABLE_OBJC_WEAK = YES;
				CLANG_WARN_BLOCK_CAPTURE_AUTORELEASING = YES;
				CLANG_WARN_BOOL_CONVERSION = YES;
				CLANG_WARN_COMMA = YES;
				CLANG_WARN_CONSTANT_CONVERSION = YES;
				CLANG_WARN_DEPRECATED_OBJC_IMPLEMENTATIONS = YES;
				CLANG_WARN_DIRECT_OBJC_ISA_USAGE = YES_ERROR;
				CLANG_WARN_DOCUMENTATION_COMMENTS = YES;
				CLANG_WARN_EMPTY_BODY = YES;
				CLANG_WARN_ENUM_CONVERSION = YES;
				CLANG_WARN_INFINITE_RECURSION = YES;
				CLANG_WARN_INT_CONVERSION = YES;
				CLANG_WARN_NON_LITERAL_NULL_CONVERSION = YES;
				CLANG_WARN_OBJC_IMPLICIT_RETAIN_SELF = YES;
				CLANG_WARN_OBJC_LITERAL_CONVERSION = YES;
				CLANG_WARN_OBJC_ROOT_CLASS = YES_ERROR;
				CLANG_WARN_QUOTED_INCLUDE_IN_FRAMEWORK_HEADER = YES;
				CLANG_WARN_RANGE_LOOP_ANALYSIS = YES;
				CLANG_WARN_STRICT_PROTOTYPES = YES;
				CLANG_WARN_SUSPICIOUS_MOVE = YES;
				CLANG_WARN_UNGUARDED_AVAILABILITY = YES_AGGRESSIVE;
				CLANG_WARN_UNREACHABLE_CODE = YES;
				CLANG_WARN__DUPLICATE_METHOD_MATCH = YES;
				COPY_PHASE_STRIP = NO;
				DEBUG_INFORMATION_FORMAT = "dwarf-with-dsym";
				ENABLE_NS_ASSERTIONS = NO;
				ENABLE_STRICT_OBJC_MSGSEND = YES;
				ENABLE_USER_SCRIPT_SANDBOXING = YES;
				GCC_C_LANGUAGE_STANDARD = gnu17;
				GCC_NO_COMMON_BLOCKS = YES;
				GCC_WARN_64_TO_32_BIT_CONVERSION = YES;
				GCC_WARN_ABOUT_RETURN_TYPE = YES_ERROR;
				GCC_WARN_UNDECLARED_SELECTOR = YES;
				GCC_WARN_UNINITIALIZED_AUTOS = YES_AGGRESSIVE;
				GCC_WARN_UNUSED_FUNCTION = YES;
				GCC_WARN_UNUSED_VARIABLE = YES;
				IPHONEOS_DEPLOYMENT_TARGET = 17.2;
				LOCALIZATION_PREFERS_STRING_CATALOGS = YES;
				MTL_ENABLE_DEBUG_INFO = NO;
				MTL_FAST_MATH = YES;
				SDKROOT = iphoneos;
				SWIFT_COMPILATION_MODE = wholemodule;
				VALIDATE_PRODUCT = YES;
			};
			name = Release;
		};
		A585D40F2B6FB79F00A0B154 /* Debug */ = {
			isa = XCBuildConfiguration;
			buildSettings = {
				ASSETCATALOG_COMPILER_APPICON_NAME = AppIcon;
				ASSETCATALOG_COMPILER_GLOBAL_ACCENT_COLOR_NAME = AccentColor;
				CODE_SIGN_STYLE = Automatic;
				CURRENT_PROJECT_VERSION = 1;
				DEVELOPMENT_ASSET_PATHS = "\"PadelPro/Preview Content\"";
				DEVELOPMENT_TEAM = L5WJ83LX47;
				ENABLE_PREVIEWS = YES;
				GENERATE_INFOPLIST_FILE = YES;
				INFOPLIST_FILE = PadelPro/Info.plist;
				INFOPLIST_KEY_CFBundleDisplayName = "Padel Tuga";
				INFOPLIST_KEY_UIApplicationSceneManifest_Generation = YES;
				INFOPLIST_KEY_UIApplicationSupportsIndirectInputEvents = YES;
				INFOPLIST_KEY_UILaunchScreen_Generation = YES;
				INFOPLIST_KEY_UISupportedInterfaceOrientations_iPad = "UIInterfaceOrientationPortrait UIInterfaceOrientationPortraitUpsideDown UIInterfaceOrientationLandscapeLeft UIInterfaceOrientationLandscapeRight";
				INFOPLIST_KEY_UISupportedInterfaceOrientations_iPhone = "UIInterfaceOrientationPortrait UIInterfaceOrientationLandscapeLeft UIInterfaceOrientationLandscapeRight";
				IPHONEOS_DEPLOYMENT_TARGET = 17.0;
				LD_RUNPATH_SEARCH_PATHS = (
					"$(inherited)",
					"@executable_path/Frameworks",
				);
				MARKETING_VERSION = 1.0;
				PRODUCT_BUNDLE_IDENTIFIER = com.joaobzao.padeltug;
				PRODUCT_NAME = "$(TARGET_NAME)";
				SWIFT_EMIT_LOC_STRINGS = YES;
				SWIFT_VERSION = 5.0;
				TARGETED_DEVICE_FAMILY = "1,2";
			};
			name = Debug;
		};
		A585D4102B6FB79F00A0B154 /* Release */ = {
			isa = XCBuildConfiguration;
			buildSettings = {
				ASSETCATALOG_COMPILER_APPICON_NAME = AppIcon;
				ASSETCATALOG_COMPILER_GLOBAL_ACCENT_COLOR_NAME = AccentColor;
				CODE_SIGN_STYLE = Automatic;
				CURRENT_PROJECT_VERSION = 1;
				DEVELOPMENT_ASSET_PATHS = "\"PadelPro/Preview Content\"";
				DEVELOPMENT_TEAM = L5WJ83LX47;
				ENABLE_PREVIEWS = YES;
				GENERATE_INFOPLIST_FILE = YES;
				INFOPLIST_FILE = PadelPro/Info.plist;
				INFOPLIST_KEY_CFBundleDisplayName = "Padel Tuga";
				INFOPLIST_KEY_UIApplicationSceneManifest_Generation = YES;
				INFOPLIST_KEY_UIApplicationSupportsIndirectInputEvents = YES;
				INFOPLIST_KEY_UILaunchScreen_Generation = YES;
				INFOPLIST_KEY_UISupportedInterfaceOrientations_iPad = "UIInterfaceOrientationPortrait UIInterfaceOrientationPortraitUpsideDown UIInterfaceOrientationLandscapeLeft UIInterfaceOrientationLandscapeRight";
				INFOPLIST_KEY_UISupportedInterfaceOrientations_iPhone = "UIInterfaceOrientationPortrait UIInterfaceOrientationLandscapeLeft UIInterfaceOrientationLandscapeRight";
				IPHONEOS_DEPLOYMENT_TARGET = 17.0;
				LD_RUNPATH_SEARCH_PATHS = (
					"$(inherited)",
					"@executable_path/Frameworks",
				);
				MARKETING_VERSION = 1.0;
				PRODUCT_BUNDLE_IDENTIFIER = com.joaobzao.padeltug;
				PRODUCT_NAME = "$(TARGET_NAME)";
				SWIFT_EMIT_LOC_STRINGS = YES;
				SWIFT_VERSION = 5.0;
				TARGETED_DEVICE_FAMILY = "1,2";
			};
			name = Release;
		};
		A585D4122B6FB79F00A0B154 /* Debug */ = {
			isa = XCBuildConfiguration;
			buildSettings = {
				ALWAYS_EMBED_SWIFT_STANDARD_LIBRARIES = YES;
				BUNDLE_LOADER = "$(TEST_HOST)";
				CODE_SIGN_STYLE = Automatic;
				CURRENT_PROJECT_VERSION = 1;
				DEVELOPMENT_TEAM = 6VH3SWF3AU;
				GENERATE_INFOPLIST_FILE = YES;
				IPHONEOS_DEPLOYMENT_TARGET = 17.2;
				MARKETING_VERSION = 1.0;
				PRODUCT_BUNDLE_IDENTIFIER = com.joaobzao.PadelProTests;
				PRODUCT_NAME = "$(TARGET_NAME)";
				SWIFT_EMIT_LOC_STRINGS = NO;
				SWIFT_VERSION = 5.0;
				TARGETED_DEVICE_FAMILY = "1,2";
				TEST_HOST = "$(BUILT_PRODUCTS_DIR)/PadelPro.app/$(BUNDLE_EXECUTABLE_FOLDER_PATH)/PadelPro";
			};
			name = Debug;
		};
		A585D4132B6FB79F00A0B154 /* Release */ = {
			isa = XCBuildConfiguration;
			buildSettings = {
				ALWAYS_EMBED_SWIFT_STANDARD_LIBRARIES = YES;
				BUNDLE_LOADER = "$(TEST_HOST)";
				CODE_SIGN_STYLE = Automatic;
				CURRENT_PROJECT_VERSION = 1;
				DEVELOPMENT_TEAM = 6VH3SWF3AU;
				GENERATE_INFOPLIST_FILE = YES;
				IPHONEOS_DEPLOYMENT_TARGET = 17.2;
				MARKETING_VERSION = 1.0;
				PRODUCT_BUNDLE_IDENTIFIER = com.joaobzao.PadelProTests;
				PRODUCT_NAME = "$(TARGET_NAME)";
				SWIFT_EMIT_LOC_STRINGS = NO;
				SWIFT_VERSION = 5.0;
				TARGETED_DEVICE_FAMILY = "1,2";
				TEST_HOST = "$(BUILT_PRODUCTS_DIR)/PadelPro.app/$(BUNDLE_EXECUTABLE_FOLDER_PATH)/PadelPro";
			};
			name = Release;
		};
		A585D4152B6FB79F00A0B154 /* Debug */ = {
			isa = XCBuildConfiguration;
			buildSettings = {
				ALWAYS_EMBED_SWIFT_STANDARD_LIBRARIES = YES;
				CODE_SIGN_STYLE = Automatic;
				CURRENT_PROJECT_VERSION = 1;
				DEVELOPMENT_TEAM = 6VH3SWF3AU;
				GENERATE_INFOPLIST_FILE = YES;
				MARKETING_VERSION = 1.0;
				PRODUCT_BUNDLE_IDENTIFIER = com.joaobzao.PadelProUITests;
				PRODUCT_NAME = "$(TARGET_NAME)";
				SWIFT_EMIT_LOC_STRINGS = NO;
				SWIFT_VERSION = 5.0;
				TARGETED_DEVICE_FAMILY = "1,2";
				TEST_TARGET_NAME = PadelPro;
			};
			name = Debug;
		};
		A585D4162B6FB79F00A0B154 /* Release */ = {
			isa = XCBuildConfiguration;
			buildSettings = {
				ALWAYS_EMBED_SWIFT_STANDARD_LIBRARIES = YES;
				CODE_SIGN_STYLE = Automatic;
				CURRENT_PROJECT_VERSION = 1;
				DEVELOPMENT_TEAM = 6VH3SWF3AU;
				GENERATE_INFOPLIST_FILE = YES;
				MARKETING_VERSION = 1.0;
				PRODUCT_BUNDLE_IDENTIFIER = com.joaobzao.PadelProUITests;
				PRODUCT_NAME = "$(TARGET_NAME)";
				SWIFT_EMIT_LOC_STRINGS = NO;
				SWIFT_VERSION = 5.0;
				TARGETED_DEVICE_FAMILY = "1,2";
				TEST_TARGET_NAME = PadelPro;
			};
			name = Release;
		};
/* End XCBuildConfiguration section */

/* Begin XCConfigurationList section */
		A585D3E52B6FB79D00A0B154 /* Build configuration list for PBXProject "PadelPro" */ = {
			isa = XCConfigurationList;
			buildConfigurations = (
				A585D40C2B6FB79F00A0B154 /* Debug */,
				A585D40D2B6FB79F00A0B154 /* Release */,
			);
			defaultConfigurationIsVisible = 0;
			defaultConfigurationName = Release;
		};
		A585D40E2B6FB79F00A0B154 /* Build configuration list for PBXNativeTarget "PadelPro" */ = {
			isa = XCConfigurationList;
			buildConfigurations = (
				A585D40F2B6FB79F00A0B154 /* Debug */,
				A585D4102B6FB79F00A0B154 /* Release */,
			);
			defaultConfigurationIsVisible = 0;
			defaultConfigurationName = Release;
		};
		A585D4112B6FB79F00A0B154 /* Build configuration list for PBXNativeTarget "PadelProTests" */ = {
			isa = XCConfigurationList;
			buildConfigurations = (
				A585D4122B6FB79F00A0B154 /* Debug */,
				A585D4132B6FB79F00A0B154 /* Release */,
			);
			defaultConfigurationIsVisible = 0;
			defaultConfigurationName = Release;
		};
		A585D4142B6FB79F00A0B154 /* Build configuration list for PBXNativeTarget "PadelProUITests" */ = {
			isa = XCConfigurationList;
			buildConfigurations = (
				A585D4152B6FB79F00A0B154 /* Debug */,
				A585D4162B6FB79F00A0B154 /* Release */,
			);
			defaultConfigurationIsVisible = 0;
			defaultConfigurationName = Release;
		};
/* End XCConfigurationList section */

/* Begin XCRemoteSwiftPackageReference section */
		A51EFAA62B71CFB300C3BA8B /* XCRemoteSwiftPackageReference "firebase-ios-sdk" */ = {
			isa = XCRemoteSwiftPackageReference;
			repositoryURL = "https://github.com/firebase/firebase-ios-sdk";
			requirement = {
				kind = upToNextMajorVersion;
				minimumVersion = 10.20.0;
			};
		};
		A585D4172B6FB92400A0B154 /* XCRemoteSwiftPackageReference "swift-composable-architecture" */ = {
			isa = XCRemoteSwiftPackageReference;
			repositoryURL = "https://github.com/pointfreeco/swift-composable-architecture";
			requirement = {
				kind = upToNextMajorVersion;
				minimumVersion = 1.7.2;
			};
		};
/* End XCRemoteSwiftPackageReference section */

/* Begin XCSwiftPackageProductDependency section */
		A51EFAA72B71CFB300C3BA8B /* FirebaseAnalyticsWithoutAdIdSupport */ = {
			isa = XCSwiftPackageProductDependency;
			package = A51EFAA62B71CFB300C3BA8B /* XCRemoteSwiftPackageReference "firebase-ios-sdk" */;
			productName = FirebaseAnalyticsWithoutAdIdSupport;
		};
		A51EFAA92B71CFB300C3BA8B /* FirebaseCrashlytics */ = {
			isa = XCSwiftPackageProductDependency;
			package = A51EFAA62B71CFB300C3BA8B /* XCRemoteSwiftPackageReference "firebase-ios-sdk" */;
			productName = FirebaseCrashlytics;
		};
		A51EFAAB2B71CFB300C3BA8B /* FirebasePerformance */ = {
			isa = XCSwiftPackageProductDependency;
			package = A51EFAA62B71CFB300C3BA8B /* XCRemoteSwiftPackageReference "firebase-ios-sdk" */;
			productName = FirebasePerformance;
		};
		A585D4182B6FB92400A0B154 /* ComposableArchitecture */ = {
			isa = XCSwiftPackageProductDependency;
			package = A585D4172B6FB92400A0B154 /* XCRemoteSwiftPackageReference "swift-composable-architecture" */;
			productName = ComposableArchitecture;
		};
/* End XCSwiftPackageProductDependency section */
	};
	rootObject = A585D3E22B6FB79D00A0B154 /* Project object */;
}
